
Microsoft Visual Studio Solution File, Format Version 12.00
# Visual Studio 2015
Project("{FAE04EC0-301F-11D3-BF4B-00C04F79EFBC}") = "Wargh.CSharp", "Wargh.CSharp.csproj", "{ACF7DF41-9F2C-6C4A-2BB0-27038D6D9122}"
EndProject
Global
	GlobalSection(SolutionConfigurationPlatforms) = preSolution
		Debug|Any CPU = Debug|Any CPU
		Release|Any CPU = Release|Any CPU
	EndGlobalSection
	GlobalSection(ProjectConfigurationPlatforms) = postSolution
		{ACF7DF41-9F2C-6C4A-2BB0-27038D6D9122}.Debug|Any CPU.ActiveCfg = Debug|Any CPU
		{ACF7DF41-9F2C-6C4A-2BB0-27038D6D9122}.Debug|Any CPU.Build.0 = Debug|Any CPU
		{ACF7DF41-9F2C-6C4A-2BB0-27038D6D9122}.Release|Any CPU.ActiveCfg = Release|Any CPU
		{ACF7DF41-9F2C-6C4A-2BB0-27038D6D9122}.Release|Any CPU.Build.0 = Release|Any CPU
	EndGlobalSection
	GlobalSection(SolutionProperties) = preSolution
		HideSolutionNode = FALSE
	EndGlobalSection
EndGlobal
